
Microsoft Visual Studio Solution File, Format Version 12.00
# Visual Studio Version 17
VisualStudioVersion = 17.5.33516.290
MinimumVisualStudioVersion = 10.0.40219.1
Project("{FAE04EC0-301F-11D3-BF4B-00C04F79EFBC}") = "Bookful", "Bookful.csproj", "{5BB7A326-0163-42DB-942D-598AA5CF876F}"
EndProject
Global
	GlobalSection(SolutionConfigurationPlatforms) = preSolution
		Debug|Any CPU = Debug|Any CPU
		Release|Any CPU = Release|Any CPU
	EndGlobalSection
	GlobalSection(ProjectConfigurationPlatforms) = postSolution
		{5BB7A326-0163-42DB-942D-598AA5CF876F}.Debug|Any CPU.ActiveCfg = Debug|Any CPU
		{5BB7A326-0163-42DB-942D-598AA5CF876F}.Debug|Any CPU.Build.0 = Debug|Any CPU
		{5BB7A326-0163-42DB-942D-598AA5CF876F}.Release|Any CPU.ActiveCfg = Release|Any CPU
		{5BB7A326-0163-42DB-942D-598AA5CF876F}.Release|Any CPU.Build.0 = Release|Any CPU
	EndGlobalSection
	GlobalSection(SolutionProperties) = preSolution
		HideSolutionNode = FALSE
	EndGlobalSection
	GlobalSection(ExtensibilityGlobals) = postSolution
		SolutionGuid = {B61A8691-926B-4877-9F6D-D9C8E08802CE}
	EndGlobalSection
EndGlobal
